PODS:
  - Crashlytics (3.12.0):
    - Fabric (~> 1.9.0)
  - Fabric (1.9.0)
  - Loaf (0.4.0)
  - SSZipArchive (2.1.5)
  - SVProgressHUD (2.2.5)
  - SwiftSoup (1.7.4)

DEPENDENCIES:
  - Crashlytics
  - Fabric
  - Loaf
  - SSZipArchive
  - SVProgressHUD
  - SwiftSoup

SPEC REPOS:
  https://github.com/cocoapods/specs.git:
    - Crashlytics
    - Fabric
    - Loaf
    - SSZipArchive
    - SVProgressHUD
    - SwiftSoup

SPEC CHECKSUMS:
  Crashlytics: 07fb167b1694128c1c9a5a5cc319b0e9c3ca0933
  Fabric: f988e33c97f08930a413e08123064d2e5f68d655
  Loaf: 070a55b75527d541e710f69c0c7642ead3676a96
  SSZipArchive: cefe1364104a0231268a5deb8495bdf2861f52f0
  SVProgressHUD: 1428aafac632c1f86f62aa4243ec12008d7a51d6
  SwiftSoup: 92f5b348c131aed8af04f4326db1579ab19fa08c

PODFILE CHECKSUM: c4a16024d7e7b68bf23a1837df17f5e0333e18a5

COCOAPODS: 1.5.3
